
Microsoft Visual Studio Solution File, Format Version 12.00
# Visual Studio Version 17
VisualStudioVersion = 17.3.32929.385
MinimumVisualStudioVersion = 10.0.40219.1
Project("{FAE04EC0-301F-11D3-BF4B-00C04F79EFBC}") = "TP_Notion_POO", "TP_Notion_POO\TP_Notion_POO.csproj", "{92E4C9A5-E88F-40DB-A577-B888535A67A0}"
EndProject
Global
	GlobalSection(SolutionConfigurationPlatforms) = preSolution
		Debug|Any CPU = Debug|Any CPU
		Release|Any CPU = Release|Any CPU
	EndGlobalSection
	GlobalSection(ProjectConfigurationPlatforms) = postSolution
		{92E4C9A5-E88F-40DB-A577-B888535A67A0}.Debug|Any CPU.ActiveCfg = Debug|Any CPU
		{92E4C9A5-E88F-40DB-A577-B888535A67A0}.Debug|Any CPU.Build.0 = Debug|Any CPU
		{92E4C9A5-E88F-40DB-A577-B888535A67A0}.Release|Any CPU.ActiveCfg = Release|Any CPU
		{92E4C9A5-E88F-40DB-A577-B888535A67A0}.Release|Any CPU.Build.0 = Release|Any CPU
	EndGlobalSection
	GlobalSection(SolutionProperties) = preSolution
		HideSolutionNode = FALSE
	EndGlobalSection
	GlobalSection(ExtensibilityGlobals) = postSolution
		SolutionGuid = {70F0485D-C78B-42D5-A212-6C6276672E2E}
	EndGlobalSection
EndGlobal
